dependencies:
- name: argo-cd
  repository: https://argoproj.github.io/argo-helm
  version: 6.11.1
- name: argocd-apps
  repository: https://argoproj.github.io/argo-helm
  version: 1.4.1
digest: sha256:307dc8dfd3cff2e37bfed605a8b8ef5e3ae60d5a208e2f359a1e02d6d0afbe09
generated: "2024-05-23T18:36:35.536180076Z"
