dependencies:
- name: argo-cd
  repository: https://argoproj.github.io/argo-helm
  version: 5.52.1
- name: argocd-apps
  repository: https://argoproj.github.io/argo-helm
  version: 1.4.1
digest: sha256:5f06eed66177866c19ae8f6286b9a2ef74e9a7f8d64967dc3e4fad8127ac4128
generated: "2024-01-05T15:13:44.302467452Z"
